
Microsoft Visual Studio Solution File, Format Version 12.00
# Visual Studio Version 17
VisualStudioVersion = 17.8.34309.116
MinimumVisualStudioVersion = 10.0.40219.1
Project("{9A19103F-16F7-4668-BE54-9A1E7A4F7556}") = "RestaurantReservation", "RestaurantReservation\RestaurantReservation.csproj", "{9304CAEB-39A4-421F-B466-FA8FEE8F0ED5}"
EndProject
Project("{9A19103F-16F7-4668-BE54-9A1E7A4F7556}") = "RestaurantReservation.Db", "RestaurantReservation.Db\RestaurantReservation.Db.csproj", "{B2609104-E3DC-4F9F-AA8A-D371392D7545}"
EndProject
Project("{9A19103F-16F7-4668-BE54-9A1E7A4F7556}") = "RestaurantReservation.Test", "RestaurantReservation.Test\RestaurantReservation.Test.csproj", "{9E449F93-139F-487E-B7B4-7E28A325768B}"
EndProject
Project("{FAE04EC0-301F-11D3-BF4B-00C04F79EFBC}") = "RestaurantReservation.API", "RestaurantReservation.API\RestaurantReservation.API.csproj", "{ADCB3AA2-828F-4BED-BB6B-288DE459195E}"
EndProject
Global
	GlobalSection(SolutionConfigurationPlatforms) = preSolution
		Debug|Any CPU = Debug|Any CPU
		Release|Any CPU = Release|Any CPU
	EndGlobalSection
	GlobalSection(ProjectConfigurationPlatforms) = postSolution
		{9304CAEB-39A4-421F-B466-FA8FEE8F0ED5}.Debug|Any CPU.ActiveCfg = Debug|Any CPU
		{9304CAEB-39A4-421F-B466-FA8FEE8F0ED5}.Debug|Any CPU.Build.0 = Debug|Any CPU
		{9304CAEB-39A4-421F-B466-FA8FEE8F0ED5}.Release|Any CPU.ActiveCfg = Release|Any CPU
		{9304CAEB-39A4-421F-B466-FA8FEE8F0ED5}.Release|Any CPU.Build.0 = Release|Any CPU
		{B2609104-E3DC-4F9F-AA8A-D371392D7545}.Debug|Any CPU.ActiveCfg = Debug|Any CPU
		{B2609104-E3DC-4F9F-AA8A-D371392D7545}.Debug|Any CPU.Build.0 = Debug|Any CPU
		{B2609104-E3DC-4F9F-AA8A-D371392D7545}.Release|Any CPU.ActiveCfg = Release|Any CPU
		{B2609104-E3DC-4F9F-AA8A-D371392D7545}.Release|Any CPU.Build.0 = Release|Any CPU
		{9E449F93-139F-487E-B7B4-7E28A325768B}.Debug|Any CPU.ActiveCfg = Debug|Any CPU
		{9E449F93-139F-487E-B7B4-7E28A325768B}.Debug|Any CPU.Build.0 = Debug|Any CPU
		{9E449F93-139F-487E-B7B4-7E28A325768B}.Release|Any CPU.ActiveCfg = Release|Any CPU
		{9E449F93-139F-487E-B7B4-7E28A325768B}.Release|Any CPU.Build.0 = Release|Any CPU
		{ADCB3AA2-828F-4BED-BB6B-288DE459195E}.Debug|Any CPU.ActiveCfg = Debug|Any CPU
		{ADCB3AA2-828F-4BED-BB6B-288DE459195E}.Debug|Any CPU.Build.0 = Debug|Any CPU
		{ADCB3AA2-828F-4BED-BB6B-288DE459195E}.Release|Any CPU.ActiveCfg = Release|Any CPU
		{ADCB3AA2-828F-4BED-BB6B-288DE459195E}.Release|Any CPU.Build.0 = Release|Any CPU
	EndGlobalSection
	GlobalSection(SolutionProperties) = preSolution
		HideSolutionNode = FALSE
	EndGlobalSection
	GlobalSection(ExtensibilityGlobals) = postSolution
		SolutionGuid = {24E4DA1B-1C4A-403C-A0CB-99771616BB4D}
	EndGlobalSection
EndGlobal
